<?xml version="1.0" encoding="utf-8"?>
<Project ToolsVersion="4.0" xmlns="http://schemas.microsoft.com/developer/msbuild/2003">
  <ItemGroup>
    <Filter Include="src">
      <UniqueIdentifier>{bbb9b1c6-fcb8-4456-a5c5-09623d5c40fc}</UniqueIdentifier>
    </Filter>
    <Filter Include="src\StateManager">
      <UniqueIdentifier>{cf7f28d9-6e28-4f31-b8f0-37264dfb021d}</UniqueIdentifier>
    </Filter>
    <Filter Include="src\IO">
      <UniqueIdentifier>{7476eff9-b3dd-48ea-9fd4-a5087b17ab69}</UniqueIdentifier>
    </Filter>
    <Filter Include="src\Core">
      <UniqueIdentifier>{32ed21c0-e216-4e26-9f9b-72be6f59e3e6}</UniqueIdentifier>
    </Filter>
    <Filter Include="src\UI">
      <UniqueIdentifier>{fb04727c-e267-491f-8f37-3ef4b28c02a5}</UniqueIdentifier>
    </Filter>
    <Filter Include="src\Resources">
      <UniqueIdentifier>{e013e8ea-5610-41c6-98c1-fbafb7805e8f}</UniqueIdentifier>
    </Filter>
    <Filter Include="src\EventManager">
      <UniqueIdentifier>{a2e779ae-7c62-4154-a21a-738a0948bff1}</UniqueIdentifier>
    </Filter>
    <Filter Include="src\Logger">
      <UniqueIdentifier>{305d319a-0577-4d66-8ac5-cec1e6c3064b}</UniqueIdentifier>
    </Filter>
    <Filter Include="src\Utils">
      <UniqueIdentifier>{166870ef-4d16-4e0f-9f96-53fa91769c52}</UniqueIdentifier>
    </Filter>
    <Filter Include="src\CmdManager">
      <UniqueIdentifier>{81b8155a-3056-434e-9ddf-bfb4a0a271c9}</UniqueIdentifier>
    </Filter>
    <Filter Include="resources">
      <UniqueIdentifier>{67DA6AB6-F800-4c08-8B7A-83BB121AAD01}</UniqueIdentifier>
      <Extensions>rc;ico;cur;bmp;dlg;rc2;rct;bin;rgs;gif;jpg;jpeg;jpe;resx;tiff;tif;png;wav;mfcribbon-ms</Extensions>
    </Filter>
    <Filter Include="resources\shaders">
      <UniqueIdentifier>{9d418a28-caf1-4ae7-94de-1356b17b537c}</UniqueIdentifier>
    </Filter>
  </ItemGroup>
  <ItemGroup>
    <ClCompile Include="StateManager.cpp">
      <Filter>src\StateManager</Filter>
    </ClCompile>
    <ClCompile Include="IO.cpp">
      <Filter>src\IO</Filter>
    </ClCompile>
    <ClCompile Include="Core.cpp">
      <Filter>src\Core</Filter>
    </ClCompile>
    <ClCompile Include="UI.cpp">
      <Filter>src\UI</Filter>
    </ClCompile>
    <ClCompile Include="Resources.cpp">
      <Filter>src\Resources</Filter>
    </ClCompile>
    <ClCompile Include="EventManager.cpp">
      <Filter>src\EventManager</Filter>
    </ClCompile>
    <ClCompile Include="Logger.cpp">
      <Filter>src\Logger</Filter>
    </ClCompile>
    <ClCompile Include="Utils.cpp">
      <Filter>src\Utils</Filter>
    </ClCompile>
    <ClCompile Include="CmdManager.cpp">
      <Filter>src\CmdManager</Filter>
    </ClCompile>
    <ClCompile Include="Trido.cpp">
      <Filter>src</Filter>
    </ClCompile>
  </ItemGroup>
  <ItemGroup>
    <ClInclude Include="StateManager.h">
      <Filter>src\StateManager</Filter>
    </ClInclude>
    <ClInclude Include="IO.h">
      <Filter>src\IO</Filter>
    </ClInclude>
    <ClInclude Include="Core.h">
      <Filter>src\Core</Filter>
    </ClInclude>
    <ClInclude Include="UI.h">
      <Filter>src\UI</Filter>
    </ClInclude>
    <ClInclude Include="Resources.h">
      <Filter>src\Resources</Filter>
    </ClInclude>
    <ClInclude Include="EventManager.h">
      <Filter>src\EventManager</Filter>
    </ClInclude>
    <ClInclude Include="Logger.h">
      <Filter>src\Logger</Filter>
    </ClInclude>
    <ClInclude Include="Utils.h">
      <Filter>src\Utils</Filter>
    </ClInclude>
    <ClInclude Include="CmdManager.h">
      <Filter>src\CmdManager</Filter>
    </ClInclude>
    <ClInclude Include="resource.h">
      <Filter>resources</Filter>
    </ClInclude>
  </ItemGroup>
  <ItemGroup>
    <None Include="shaders\frag1.frag">
      <Filter>resources\shaders</Filter>
    </None>
    <None Include="vert1.vert">
      <Filter>resources\shaders</Filter>
    </None>
  </ItemGroup>
  <ItemGroup>
    <ResourceCompile Include="Trido.rc">
      <Filter>resources</Filter>
    </ResourceCompile>
  </ItemGroup>
  <ItemGroup>
    <Text Include="todo.txt" />
  </ItemGroup>
</Project>